<?xml version="1.0" encoding="utf-8"?>
<Project ToolsVersion="4.0" xmlns="http://schemas.microsoft.com/developer/msbuild/2003">
  <ItemGroup>
    <ClCompile Include="Building.cpp" />
    <ClCompile Include="Camera.cpp" />
    <ClCompile Include="Cursor.cpp" />
    <ClCompile Include="Game.cpp" />
    <ClCompile Include="House.cpp" />
    <ClCompile Include="main.cpp" />
    <ClCompile Include="Menu.cpp" />
<<<<<<< HEAD
    <ClCompile Include="NPC.cpp" />
=======
>>>>>>> building_branch
    <ClCompile Include="World.cpp" />
    <ClCompile Include="Well.cpp" />
  </ItemGroup>
  <ItemGroup>
<<<<<<< HEAD
    <ClInclude Include="Building.h" />
    <ClInclude Include="Camera.h" />
    <ClInclude Include="Cursor.h" />
    <ClInclude Include="Game.h" />
    <ClInclude Include="House.h" />
    <ClInclude Include="Menu.h" />
    <ClInclude Include="NPC.h" />
    <ClInclude Include="World.h" />
    <ClInclude Include="Well.h" />
  </ItemGroup>
  <ItemGroup>
    <Image Include="..\..\..\..\..\pictures\SFML-LOGO.png" />
  </ItemGroup>
  <ItemGroup>
=======
<<<<<<< HEAD
<<<<<<< HEAD
    <ClCompile Include="main.cpp">
      <Filter>Source Files</Filter>
    </ClCompile>
    <ClCompile Include="Game.cpp">
      <Filter>Source Files</Filter>
    </ClCompile>
    <ClCompile Include="Camera.cpp">
      <Filter>Source Files</Filter>
    </ClCompile>
    <ClCompile Include="Cursor.cpp">
      <Filter>Source Files</Filter>
    </ClCompile>
    <ClCompile Include="Menu.cpp">
      <Filter>Source Files</Filter>
    </ClCompile>
    <ClCompile Include="World.cpp">
      <Filter>Source Files</Filter>
    </ClCompile>
<<<<<<< HEAD
<<<<<<< HEAD
=======
    <ClCompile Include="Building.cpp">
      <Filter>Source Files</Filter>
    </ClCompile>
    <ClCompile Include="House.cpp">
      <Filter>Source Files</Filter>
    </ClCompile>
>>>>>>> Added World class, Building super, and house sub class
=======
    <ClCompile Include="NPC.cpp">
      <Filter>Source Files</Filter>
    </ClCompile>
>>>>>>> Merging Player_branch and Master
  </ItemGroup>
  <ItemGroup>
    <ClInclude Include="Game.h">
      <Filter>Header Files</Filter>
    </ClInclude>
    <ClInclude Include="Camera.h">
      <Filter>Header Files</Filter>
    </ClInclude>
    <ClInclude Include="Cursor.h">
      <Filter>Header Files</Filter>
    </ClInclude>
    <ClInclude Include="Menu.h">
      <Filter>Header Files</Filter>
    </ClInclude>
    <ClInclude Include="World.h">
      <Filter>Header Files</Filter>
    </ClInclude>
<<<<<<< HEAD
<<<<<<< HEAD
=======
    <ClInclude Include="Building.h">
      <Filter>Header Files</Filter>
    </ClInclude>
    <ClInclude Include="House.h">
      <Filter>Header Files</Filter>
    </ClInclude>
>>>>>>> Added World class, Building super, and house sub class
=======
    <ClInclude Include="NPC.h">
      <Filter>Header Files</Filter>
    </ClInclude>
>>>>>>> Merging Player_branch and Master
=======
    <ClInclude Include="Building.h" />
    <ClInclude Include="Camera.h" />
    <ClInclude Include="Cursor.h" />
    <ClInclude Include="Game.h" />
    <ClInclude Include="House.h" />
    <ClInclude Include="Menu.h" />
    <ClInclude Include="World.h" />
    <ClInclude Include="Well.h" />
  </ItemGroup>
  <ItemGroup>
    <Image Include="..\..\..\..\..\pictures\SFML-LOGO.png" />
>>>>>>> Added well class
  </ItemGroup>
  <ItemGroup>
=======
    <ClInclude Include="Building.h" />
    <ClInclude Include="Camera.h" />
    <ClInclude Include="Cursor.h" />
    <ClInclude Include="Game.h" />
    <ClInclude Include="House.h" />
    <ClInclude Include="Menu.h" />
    <ClInclude Include="World.h" />
    <ClInclude Include="Well.h" />
  </ItemGroup>
  <ItemGroup>
    <Image Include="..\..\..\..\..\pictures\SFML-LOGO.png" />
  </ItemGroup>
  <ItemGroup>
>>>>>>> 3024a6954d90cbd7fdb5ad5e1b749238dbcb7faa
>>>>>>> building_branch
    <Font Include="ASSETS\FONTS\ariblk.ttf" />
  </ItemGroup>
</Project>